// !$*UTF8*$!
{
	archiveVersion = 1;
	classes = {
	};
	objectVersion = 46;
	objects = {

/* Begin PBXBuildFile section */
		FEF5A2E319E062B8006A2183 /* AppDelegate.swift in Sources */ = {isa = PBXBuildFile; fileRef = FEF5A2E219E062B8006A2183 /* AppDelegate.swift */; };
		FEF5A2E519E062B8006A2183 /* ViewController.swift in Sources */ = {isa = PBXBuildFile; fileRef = FEF5A2E419E062B8006A2183 /* ViewController.swift */; };
		FEF5A2E819E062B8006A2183 /* Main.storyboard in Resources */ = {isa = PBXBuildFile; fileRef = FEF5A2E619E062B8006A2183 /* Main.storyboard */; };
		FEF5A2EA19E062B8006A2183 /* Images.xcassets in Resources */ = {isa = PBXBuildFile; fileRef = FEF5A2E919E062B8006A2183 /* Images.xcassets */; };
		FEF5A2ED19E062B8006A2183 /* LaunchScreen.xib in Resources */ = {isa = PBXBuildFile; fileRef = FEF5A2EB19E062B8006A2183 /* LaunchScreen.xib */; };
		FEF5A2F919E062B8006A2183 /* PostcardTests.swift in Sources */ = {isa = PBXBuildFile; fileRef = FEF5A2F819E062B8006A2183 /* PostcardTests.swift */; };
		FEF5A30719E08D10006A2183 /* Stamp-1.jpeg in Resources */ = {isa = PBXBuildFile; fileRef = FEF5A30619E08D10006A2183 /* Stamp-1.jpeg */; };
		FEF5A30919E08D1D006A2183 /* SanFrancisco.JPG in Resources */ = {isa = PBXBuildFile; fileRef = FEF5A30819E08D1D006A2183 /* SanFrancisco.JPG */; };
/* End PBXBuildFile section */

/* Begin PBXContainerItemProxy section */
		FEF5A2F319E062B8006A2183 /* PBXContainerItemProxy */ = {
			isa = PBXContainerItemProxy;
			containerPortal = FEF5A2D519E062B8006A2183 /* Project object */;
			proxyType = 1;
			remoteGlobalIDString = FEF5A2DC19E062B8006A2183;
			remoteInfo = Postcard;
		};
/* End PBXContainerItemProxy section */

/* Begin PBXFileReference section */
		FEF5A2DD19E062B8006A2183 /* Postcard.app */ = {isa = PBXFileReference; explicitFileType = wrapper.application; includeInIndex = 0; path = Postcard.app; sourceTree = BUILT_PRODUCTS_DIR; };
		FEF5A2E119E062B8006A2183 /* Info.plist */ = {isa = PBXFileReference; lastKnownFileType = text.plist.xml; path = Info.plist; sourceTree = "<group>"; };
		FEF5A2E219E062B8006A2183 /* AppDelegate.swift */ = {isa = PBXFileReference; lastKnownFileType = sourcecode.swift; path = AppDelegate.swift; sourceTree = "<group>"; };
		FEF5A2E419E062B8006A2183 /* ViewController.swift */ = {isa = PBXFileReference; lastKnownFileType = sourcecode.swift; path = ViewController.swift; sourceTree = "<group>"; };
		FEF5A2E719E062B8006A2183 /* Base */ = {isa = PBXFileReference; lastKnownFileType = file.storyboard; name = Base; path = Base.lproj/Main.storyboard; sourceTree = "<group>"; };
		FEF5A2E919E062B8006A2183 /* Images.xcassets */ = {isa = PBXFileReference; lastKnownFileType = folder.assetcatalog; path = Images.xcassets; sourceTree = "<group>"; };
		FEF5A2EC19E062B8006A2183 /* Base */ = {isa = PBXFileReference; lastKnownFileType = file.xib; name = Base; path = Base.lproj/LaunchScreen.xib; sourceTree = "<group>"; };
		FEF5A2F219E062B8006A2183 /* PostcardTests.xctest */ = {isa = PBXFileReference; explicitFileType = wrapper.cfbundle; includeInIndex = 0; path = PostcardTests.xctest; sourceTree = BUILT_PRODUCTS_DIR; };
		FEF5A2F719E062B8006A2183 /* Info.plist */ = {isa = PBXFileReference; lastKnownFileType = text.plist.xml; path = Info.plist; sourceTree = "<group>"; };
		FEF5A2F819E062B8006A2183 /* PostcardTests.swift */ = {isa = PBXFileReference; lastKnownFileType = sourcecode.swift; path = PostcardTests.swift; sourceTree = "<group>"; };
		FEF5A30619E08D10006A2183 /* Stamp-1.jpeg */ = {isa = PBXFileReference; lastKnownFileType = image.jpeg; path = "Stamp-1.jpeg"; sourceTree = "<group>"; };
		FEF5A30819E08D1D006A2183 /* SanFrancisco.JPG */ = {isa = PBXFileReference; lastKnownFileType = image.jpeg; path = SanFrancisco.JPG; sourceTree = "<group>"; };
/* End PBXFileReference section */

/* Begin PBXFrameworksBuildPhase section */
		FEF5A2DA19E062B8006A2183 /* Frameworks */ = {
			isa = PBXFrameworksBuildPhase;
			buildActionMask = 2147483647;
			files = (
			);
			runOnlyForDeploymentPostprocessing = 0;
		};
		FEF5A2EF19E062B8006A2183 /* Frameworks */ = {
			isa = PBXFrameworksBuildPhase;
			buildActionMask = 2147483647;
			files = (
			);
			runOnlyForDeploymentPostprocessing = 0;
		};
/* End PBXFrameworksBuildPhase section */

/* Begin PBXGroup section */
		FEF5A2D419E062B8006A2183 = {
			isa = PBXGroup;
			children = (
				FEF5A2DF19E062B8006A2183 /* Postcard */,
				FEF5A2F519E062B8006A2183 /* PostcardTests */,
				FEF5A2DE19E062B8006A2183 /* Products */,
			);
			sourceTree = "<group>";
		};
		FEF5A2DE19E062B8006A2183 /* Products */ = {
			isa = PBXGroup;
			children = (
				FEF5A2DD19E062B8006A2183 /* Postcard.app */,
				FEF5A2F219E062B8006A2183 /* PostcardTests.xctest */,
			);
			name = Products;
			sourceTree = "<group>";
		};
		FEF5A2DF19E062B8006A2183 /* Postcard */ = {
			isa = PBXGroup;
			children = (
				FEF5A2E219E062B8006A2183 /* AppDelegate.swift */,
				FEF5A2E419E062B8006A2183 /* ViewController.swift */,
				FEF5A2E619E062B8006A2183 /* Main.storyboard */,
				FEF5A2E919E062B8006A2183 /* Images.xcassets */,
				FEF5A2EB19E062B8006A2183 /* LaunchScreen.xib */,
				FEF5A2E019E062B8006A2183 /* Supporting Files */,
			);
			path = Postcard;
			sourceTree = "<group>";
		};
		FEF5A2E019E062B8006A2183 /* Supporting Files */ = {
			isa = PBXGroup;
			children = (
				FEF5A30619E08D10006A2183 /* Stamp-1.jpeg */,
				FEF5A30819E08D1D006A2183 /* SanFrancisco.JPG */,
				FEF5A2E119E062B8006A2183 /* Info.plist */,
			);
			name = "Supporting Files";
			sourceTree = "<group>";
		};
		FEF5A2F519E062B8006A2183 /* PostcardTests */ = {
			isa = PBXGroup;
			children = (
				FEF5A2F819E062B8006A2183 /* PostcardTests.swift */,
				FEF5A2F619E062B8006A2183 /* Supporting Files */,
			);
			path = PostcardTests;
			sourceTree = "<group>";
		};
		FEF5A2F619E062B8006A2183 /* Supporting Files */ = {
			isa = PBXGroup;
			children = (
				FEF5A2F719E062B8006A2183 /* Info.plist */,
			);
			name = "Supporting Files";
			sourceTree = "<group>";
		};
/* End PBXGroup section */

/* Begin PBXNativeTarget section */
		FEF5A2DC19E062B8006A2183 /* Postcard */ = {
			isa = PBXNativeTarget;
			buildConfigurationList = FEF5A2FC19E062B8006A2183 /* Build configuration list for PBXNativeTarget "Postcard" */;
			buildPhases = (
				FEF5A2D919E062B8006A2183 /* Sources */,
				FEF5A2DA19E062B8006A2183 /* Frameworks */,
				FEF5A2DB19E062B8006A2183 /* Resources */,
			);
			buildRules = (
			);
			dependencies = (
			);
			name = Postcard;
			productName = Postcard;
			productReference = FEF5A2DD19E062B8006A2183 /* Postcard.app */;
			productType = "com.apple.product-type.application";
		};
		FEF5A2F119E062B8006A2183 /* PostcardTests */ = {
			isa = PBXNativeTarget;
			buildConfigurationList = FEF5A2FF19E062B8006A2183 /* Build configuration list for PBXNativeTarget "PostcardTests" */;
			buildPhases = (
				FEF5A2EE19E062B8006A2183 /* Sources */,
				FEF5A2EF19E062B8006A2183 /* Frameworks */,
				FEF5A2F019E062B8006A2183 /* Resources */,
			);
			buildRules = (
			);
			dependencies = (
				FEF5A2F419E062B8006A2183 /* PBXTargetDependency */,
			);
			name = PostcardTests;
			productName = PostcardTests;
			productReference = FEF5A2F219E062B8006A2183 /* PostcardTests.xctest */;
			productType = "com.apple.product-type.bundle.unit-test";
		};
/* End PBXNativeTarget section */

/* Begin PBXProject section */
		FEF5A2D519E062B8006A2183 /* Project object */ = {
			isa = PBXProject;
			attributes = {
				LastUpgradeCheck = 0600;
				ORGANIZATIONNAME = JosephIwanicki;
				TargetAttributes = {
					FEF5A2DC19E062B8006A2183 = {
						CreatedOnToolsVersion = 6.0;
					};
					FEF5A2F119E062B8006A2183 = {
						CreatedOnToolsVersion = 6.0;
						TestTargetID = FEF5A2DC19E062B8006A2183;
					};
				};
			};
			buildConfigurationList = FEF5A2D819E062B8006A2183 /* Build configuration list for PBXProject "Postcard" */;
			compatibilityVersion = "Xcode 3.2";
			developmentRegion = English;
			hasScannedForEncodings = 0;
			knownRegions = (
				en,
				Base,
			);
			mainGroup = FEF5A2D419E062B8006A2183;
			productRefGroup = FEF5A2DE19E062B8006A2183 /* Products */;
			projectDirPath = "";
			projectRoot = "";
			targets = (
				FEF5A2DC19E062B8006A2183 /* Postcard */,
				FEF5A2F119E062B8006A2183 /* PostcardTests */,
			);
		};
/* End PBXProject section */

/* Begin PBXResourcesBuildPhase section */
		FEF5A2DB19E062B8006A2183 /* Resources */ = {
			isa = PBXResourcesBuildPhase;
			buildActionMask = 2147483647;
			files = (
				FEF5A2E819E062B8006A2183 /* Main.storyboard in Resources */,
				FEF5A2ED19E062B8006A2183 /* LaunchScreen.xib in Resources */,
				FEF5A2EA19E062B8006A2183 /* Images.xcassets in Resources */,
				FEF5A30719E08D10006A2183 /* Stamp-1.jpeg in Resources */,
				FEF5A30919E08D1D006A2183 /* SanFrancisco.JPG in Resources */,
			);
			runOnlyForDeploymentPostprocessing = 0;
		};
		FEF5A2F019E062B8006A2183 /* Resources */ = {
			isa = PBXResourcesBuildPhase;
			buildActionMask = 2147483647;
			files = (
			);
			runOnlyForDeploymentPostprocessing = 0;
		};
/* End PBXResourcesBuildPhase section */

/* Begin PBXSourcesBuildPhase section */
		FEF5A2D919E062B8006A2183 /* Sources */ = {
			isa = PBXSourcesBuildPhase;
			buildActionMask = 2147483647;
			files = (
				FEF5A2E519E062B8006A2183 /* ViewController.swift in Sources */,
				FEF5A2E319E062B8006A2183 /* AppDelegate.swift in Sources */,
			);
			runOnlyForDeploymentPostprocessing = 0;
		};
		FEF5A2EE19E062B8006A2183 /* Sources */ = {
			isa = PBXSourcesBuildPhase;
			buildActionMask = 2147483647;
			files = (
				FEF5A2F919E062B8006A2183 /* PostcardTests.swift in Sources */,
			);
			runOnlyForDeploymentPostprocessing = 0;
		};
/* End PBXSourcesBuildPhase section */

/* Begin PBXTargetDependency section */
		FEF5A2F419E062B8006A2183 /* PBXTargetDependency */ = {
			isa = PBXTargetDependency;
			target = FEF5A2DC19E062B8006A2183 /* Postcard */;
			targetProxy = FEF5A2F319E062B8006A2183 /* PBXContainerItemProxy */;
		};
/* End PBXTargetDependency section */

/* Begin PBXVariantGroup section */
		FEF5A2E619E062B8006A2183 /* Main.storyboard */ = {
			isa = PBXVariantGroup;
			children = (
				FEF5A2E719E062B8006A2183 /* Base */,
			);
			name = Main.storyboard;
			sourceTree = "<group>";
		};
		FEF5A2EB19E062B8006A2183 /* LaunchScreen.xib */ = {
			isa = PBXVariantGroup;
			children = (
				FEF5A2EC19E062B8006A2183 /* Base */,
			);
			name = LaunchScreen.xib;
			sourceTree = "<group>";
		};
/* End PBXVariantGroup section */

/* Begin XCBuildConfiguration section */
		FEF5A2FA19E062B8006A2183 /* Debug */ = {
			isa = XCBuildConfiguration;
			buildSettings = {
				ALWAYS_SEARCH_USER_PATHS = NO;
				CLANG_CXX_LANGUAGE_STANDARD = "gnu++0x";
				CLANG_CXX_LIBRARY = "libc++";
				CLANG_ENABLE_MODULES = YES;
				CLANG_ENABLE_OBJC_ARC = YES;
				CLANG_WARN_BOOL_CONVERSION = YES;
				CLANG_WARN_CONSTANT_CONVERSION = YES;
				CLANG_WARN_DIRECT_OBJC_ISA_USAGE = YES_ERROR;
				CLANG_WARN_EMPTY_BODY = YES;
				CLANG_WARN_ENUM_CONVERSION = YES;
				CLANG_WARN_INT_CONVERSION = YES;
				CLANG_WARN_OBJC_ROOT_CLASS = YES_ERROR;
				CLANG_WARN_UNREACHABLE_CODE = YES;
				CLANG_WARN__DUPLICATE_METHOD_MATCH = YES;
				"CODE_SIGN_IDENTITY[sdk=iphoneos*]" = "iPhone Developer";
				COPY_PHASE_STRIP = NO;
				ENABLE_STRICT_OBJC_MSGSEND = YES;
				GCC_C_LANGUAGE_STANDARD = gnu99;
				GCC_DYNAMIC_NO_PIC = NO;
				GCC_OPTIMIZATION_LEVEL = 0;
				GCC_PREPROCESSOR_DEFINITIONS = (
					"DEBUG=1",
					"$(inherited)",
				);
				GCC_SYMBOLS_PRIVATE_EXTERN = NO;
				GCC_WARN_64_TO_32_BIT_CONVERSION = YES;
				GCC_WARN_ABOUT_RETURN_TYPE = YES_ERROR;
				GCC_WARN_UNDECLARED_SELECTOR = YES;
				GCC_WARN_UNINITIALIZED_AUTOS = YES_AGGRESSIVE;
				GCC_WARN_UNUSED_FUNCTION = YES;
				GCC_WARN_UNUSED_VARIABLE = YES;
				IPHONEOS_DEPLOYMENT_TARGET = 8.0;
				MTL_ENABLE_DEBUG_INFO = YES;
				ONLY_ACTIVE_ARCH = YES;
				SDKROOT = iphoneos;
				SWIFT_OPTIMIZATION_LEVEL = "-Onone";
				TARGETED_DEVICE_FAMILY = "1,2";
			};
			name = Debug;
		};
		FEF5A2FB19E062B8006A2183 /* Release */ = {
			isa = XCBuildConfiguration;
			buildSettings = {
				ALWAYS_SEARCH_USER_PATHS = NO;
				CLANG_CXX_LANGUAGE_STANDARD = "gnu++0x";
				CLANG_CXX_LIBRARY = "libc++";
				CLANG_ENABLE_MODULES = YES;
				CLANG_ENABLE_OBJC_ARC = YES;
				CLANG_WARN_BOOL_CONVERSION = YES;
				CLANG_WARN_CONSTANT_CONVERSION = YES;
				CLANG_WARN_DIRECT_OBJC_ISA_USAGE = YES_ERROR;
				CLANG_WARN_EMPTY_BODY = YES;
				CLANG_WARN_ENUM_CONVERSION = YES;
				CLANG_WARN_INT_CONVERSION = YES;
				CLANG_WARN_OBJC_ROOT_CLASS = YES_ERROR;
				CLANG_WARN_UNREACHABLE_CODE = YES;
				CLANG_WARN__DUPLICATE_METHOD_MATCH = YES;
				"CODE_SIGN_IDENTITY[sdk=iphoneos*]" = "iPhone Developer";
				COPY_PHASE_STRIP = YES;
				ENABLE_NS_ASSERTIONS = NO;
				ENABLE_STRICT_OBJC_MSGSEND = YES;
				GCC_C_LANGUAGE_STANDARD = gnu99;
				GCC_WARN_64_TO_32_BIT_CONVERSION = YES;
				GCC_WARN_ABOUT_RETURN_TYPE = YES_ERROR;
				GCC_WARN_UNDECLARED_SELECTOR = YES;
				GCC_WARN_UNINITIALIZED_AUTOS = YES_AGGRESSIVE;
				GCC_WARN_UNUSED_FUNCTION = YES;
				GCC_WARN_UNUSED_VARIABLE = YES;
				IPHONEOS_DEPLOYMENT_TARGET = 8.0;
				MTL_ENABLE_DEBUG_INFO = NO;
				SDKROOT = iphoneos;
				TARGETED_DEVICE_FAMILY = "1,2";
				VALIDATE_PRODUCT = YES;
			};
			name = Release;
		};
		FEF5A2FD19E062B8006A2183 /* Debug */ = {
			isa = XCBuildConfiguration;
			buildSettings = {
				ASSETCATALOG_COMPILER_APPICON_NAME = AppIcon;
				INFOPLIST_FILE = Postcard/Info.plist;
				LD_RUNPATH_SEARCH_PATHS = "$(inherited) @executable_path/Frameworks";
				PRODUCT_NAME = "$(TARGET_NAME)";
			};
			name = Debug;
		};
		FEF5A2FE19E062B8006A2183 /* Release */ = {
			isa = XCBuildConfiguration;
			buildSettings = {
				ASSETCATALOG_COMPILER_APPICON_NAME = AppIcon;
				INFOPLIST_FILE = Postcard/Info.plist;
				LD_RUNPATH_SEARCH_PATHS = "$(inherited) @executable_path/Frameworks";
				PRODUCT_NAME = "$(TARGET_NAME)";
			};
			name = Release;
		};
		FEF5A30019E062B8006A2183 /* Debug */ = {
			isa = XCBuildConfiguration;
			buildSettings = {
				BUNDLE_LOADER = "$(TEST_HOST)";
				FRAMEWORK_SEARCH_PATHS = (
					"$(SDKROOT)/Developer/Library/Frameworks",
					"$(inherited)",
				);
				GCC_PREPROCESSOR_DEFINITIONS = (
					"DEBUG=1",
					"$(inherited)",
				);
				INFOPLIST_FILE = PostcardTests/Info.plist;
				LD_RUNPATH_SEARCH_PATHS = "$(inherited) @executable_path/Frameworks @loader_path/Frameworks";
				PRODUCT_NAME = "$(TARGET_NAME)";
				TEST_HOST = "$(BUILT_PRODUCTS_DIR)/Postcard.app/Postcard";
			};
			name = Debug;
		};
		FEF5A30119E062B8006A2183 /* Release */ = {
			isa = XCBuildConfiguration;
			buildSettings = {
				BUNDLE_LOADER = "$(TEST_HOST)";
				FRAMEWORK_SEARCH_PATHS = (
					"$(SDKROOT)/Developer/Library/Frameworks",
					"$(inherited)",
				);
				INFOPLIST_FILE = PostcardTests/Info.plist;
				LD_RUNPATH_SEARCH_PATHS = "$(inherited) @executable_path/Frameworks @loader_path/Frameworks";
				PRODUCT_NAME = "$(TARGET_NAME)";
				TEST_HOST = "$(BUILT_PRODUCTS_DIR)/Postcard.app/Postcard";
			};
			name = Release;
		};
/* End XCBuildConfiguration section */

/* Begin XCConfigurationList section */
		FEF5A2D819E062B8006A2183 /* Build configuration list for PBXProject "Postcard" */ = {
			isa = XCConfigurationList;
			buildConfigurations = (
				FEF5A2FA19E062B8006A2183 /* Debug */,
				FEF5A2FB19E062B8006A2183 /* Release */,
			);
			defaultConfigurationIsVisible = 0;
			defaultConfigurationName = Release;
		};
		FEF5A2FC19E062B8006A2183 /* Build configuration list for PBXNativeTarget "Postcard" */ = {
			isa = XCConfigurationList;
			buildConfigurations = (
				FEF5A2FD19E062B8006A2183 /* Debug */,
				FEF5A2FE19E062B8006A2183 /* Release */,
			);
			defaultConfigurationIsVisible = 0;
			defaultConfigurationName = Release;
		};
		FEF5A2FF19E062B8006A2183 /* Build configuration list for PBXNativeTarget "PostcardTests" */ = {
			isa = XCConfigurationList;
			buildConfigurations = (
				FEF5A30019E062B8006A2183 /* Debug */,
				FEF5A30119E062B8006A2183 /* Release */,
			);
			defaultConfigurationIsVisible = 0;
			defaultConfigurationName = Release;
		};
/* End XCConfigurationList section */
	};
	rootObject = FEF5A2D519E062B8006A2183 /* Project object */;
}
